// !$*UTF8*$!
{
	archiveVersion = 1;
	classes = {
	};
	objectVersion = 77;
	objects = {

/* Begin PBXBuildFile section */
		AAC375892E73DB9200B71495 /* GoogleSignIn in Frameworks */ = {isa = PBXBuildFile; productRef = AAC375882E73DB9200B71495 /* GoogleSignIn */; };
		AAC3758B2E73DB9200B71495 /* GoogleSignInSwift in Frameworks */ = {isa = PBXBuildFile; productRef = AAC3758A2E73DB9200B71495 /* GoogleSignInSwift */; };
		AAE75D432E5F63C300AE5420 /* Auth in Frameworks */ = {isa = PBXBuildFile; productRef = AAE75D422E5F63C300AE5420 /* Auth */; };
		AAE75D452E5F63C300AE5420 /* Functions in Frameworks */ = {isa = PBXBuildFile; productRef = AAE75D442E5F63C300AE5420 /* Functions */; };
		AAE75D472E5F63C300AE5420 /* PostgREST in Frameworks */ = {isa = PBXBuildFile; productRef = AAE75D462E5F63C300AE5420 /* PostgREST */; };
		AAE75D492E5F63C300AE5420 /* Realtime in Frameworks */ = {isa = PBXBuildFile; productRef = AAE75D482E5F63C300AE5420 /* Realtime */; };
		AAE75D4B2E5F63C300AE5420 /* Storage in Frameworks */ = {isa = PBXBuildFile; productRef = AAE75D4A2E5F63C300AE5420 /* Storage */; };
		AAE75DBD2E5F653100AE5420 /* Supabase in Frameworks */ = {isa = PBXBuildFile; productRef = AAE75DBC2E5F653100AE5420 /* Supabase */; };
/* End PBXBuildFile section */

/* Begin PBXContainerItemProxy section */
		AACD65F82E5EF136000F751C /* PBXContainerItemProxy */ = {
			isa = PBXContainerItemProxy;
			containerPortal = AACD65E22E5EF133000F751C /* Project object */;
			proxyType = 1;
			remoteGlobalIDString = AACD65E92E5EF134000F751C;
			remoteInfo = EVSync;
		};
		AACD66022E5EF136000F751C /* PBXContainerItemProxy */ = {
			isa = PBXContainerItemProxy;
			containerPortal = AACD65E22E5EF133000F751C /* Project object */;
			proxyType = 1;
			remoteGlobalIDString = AACD65E92E5EF134000F751C;
			remoteInfo = EVSync;
		};
/* End PBXContainerItemProxy section */

/* Begin PBXFileReference section */
		AA73FC372E783CFF0018710B /* Charge&GoDebug.entitlements */ = {isa = PBXFileReference; lastKnownFileType = text.plist.entitlements; path = "Charge&GoDebug.entitlements"; sourceTree = "<group>"; };
		AACD65EA2E5EF134000F751C /* Charge&Go.app */ = {isa = PBXFileReference; explicitFileType = wrapper.application; includeInIndex = 0; path = "Charge&Go.app"; sourceTree = BUILT_PRODUCTS_DIR; };
		AACD65F72E5EF136000F751C /* Charge&GoTests.xctest */ = {isa = PBXFileReference; explicitFileType = wrapper.cfbundle; includeInIndex = 0; path = "Charge&GoTests.xctest"; sourceTree = BUILT_PRODUCTS_DIR; };
		AACD66012E5EF136000F751C /* Charge&GoUITests.xctest */ = {isa = PBXFileReference; explicitFileType = wrapper.cfbundle; includeInIndex = 0; path = "Charge&GoUITests.xctest"; sourceTree = BUILT_PRODUCTS_DIR; };
/* End PBXFileReference section */

/* Begin PBXFileSystemSynchronizedBuildFileExceptionSet section */
		AAE75E0F2E5F950B00AE5420 /* Exceptions for "EVSync" folder in "Charge&Go" target */ = {
			isa = PBXFileSystemSynchronizedBuildFileExceptionSet;
			membershipExceptions = (
				Info.plist,
			);
			target = AACD65E92E5EF134000F751C /* Charge&Go */;
		};
/* End PBXFileSystemSynchronizedBuildFileExceptionSet section */

/* Begin PBXFileSystemSynchronizedRootGroup section */
		AACD65EC2E5EF134000F751C /* EVSync */ = {
			isa = PBXFileSystemSynchronizedRootGroup;
			exceptions = (
				AAE75E0F2E5F950B00AE5420 /* Exceptions for "EVSync" folder in "Charge&Go" target */,
			);
			path = EVSync;
			sourceTree = "<group>";
		};
		AACD65FA2E5EF136000F751C /* EVSyncTests */ = {
			isa = PBXFileSystemSynchronizedRootGroup;
			path = EVSyncTests;
			sourceTree = "<group>";
		};
		AACD66042E5EF136000F751C /* EVSyncUITests */ = {
			isa = PBXFileSystemSynchronizedRootGroup;
			path = EVSyncUITests;
			sourceTree = "<group>";
		};
/* End PBXFileSystemSynchronizedRootGroup section */

/* Begin PBXFrameworksBuildPhase section */
		AACD65E72E5EF134000F751C /* Frameworks */ = {
			isa = PBXFrameworksBuildPhase;
			buildActionMask = 2147483647;
			files = (
				AAE75D472E5F63C300AE5420 /* PostgREST in Frameworks */,
				AAE75D452E5F63C300AE5420 /* Functions in Frameworks */,
				AAE75DBD2E5F653100AE5420 /* Supabase in Frameworks */,
				AAC3758B2E73DB9200B71495 /* GoogleSignInSwift in Frameworks */,
				AAE75D432E5F63C300AE5420 /* Auth in Frameworks */,
				AAE75D4B2E5F63C300AE5420 /* Storage in Frameworks */,
				AAE75D492E5F63C300AE5420 /* Realtime in Frameworks */,
				AAC375892E73DB9200B71495 /* GoogleSignIn in Frameworks */,
			);
			runOnlyForDeploymentPostprocessing = 0;
		};
		AACD65F42E5EF136000F751C /* Frameworks */ = {
			isa = PBXFrameworksBuildPhase;
			buildActionMask = 2147483647;
			files = (
			);
			runOnlyForDeploymentPostprocessing = 0;
		};
		AACD65FE2E5EF136000F751C /* Frameworks */ = {
			isa = PBXFrameworksBuildPhase;
			buildActionMask = 2147483647;
			files = (
			);
			runOnlyForDeploymentPostprocessing = 0;
		};
/* End PBXFrameworksBuildPhase section */

/* Begin PBXGroup section */
		AACD65E12E5EF133000F751C = {
			isa = PBXGroup;
			children = (
				AA73FC372E783CFF0018710B /* Charge&GoDebug.entitlements */,
				AACD65EC2E5EF134000F751C /* EVSync */,
				AACD65FA2E5EF136000F751C /* EVSyncTests */,
				AACD66042E5EF136000F751C /* EVSyncUITests */,
				AAE75DBB2E5F653100AE5420 /* Frameworks */,
				AACD65EB2E5EF134000F751C /* Products */,
			);
			sourceTree = "<group>";
		};
		AACD65EB2E5EF134000F751C /* Products */ = {
			isa = PBXGroup;
			children = (
				AACD65EA2E5EF134000F751C /* Charge&Go.app */,
				AACD65F72E5EF136000F751C /* Charge&GoTests.xctest */,
				AACD66012E5EF136000F751C /* Charge&GoUITests.xctest */,
			);
			name = Products;
			sourceTree = "<group>";
		};
		AAE75DBB2E5F653100AE5420 /* Frameworks */ = {
			isa = PBXGroup;
			children = (
			);
			name = Frameworks;
			sourceTree = "<group>";
		};
/* End PBXGroup section */

/* Begin PBXNativeTarget section */
		AACD65E92E5EF134000F751C /* Charge&Go */ = {
			isa = PBXNativeTarget;
			buildConfigurationList = AACD660B2E5EF136000F751C /* Build configuration list for PBXNativeTarget "Charge&Go" */;
			buildPhases = (
				AACD65E62E5EF134000F751C /* Sources */,
				AACD65E72E5EF134000F751C /* Frameworks */,
				AACD65E82E5EF134000F751C /* Resources */,
			);
			buildRules = (
			);
			dependencies = (
			);
			fileSystemSynchronizedGroups = (
				AACD65EC2E5EF134000F751C /* EVSync */,
			);
			name = "Charge&Go";
			packageProductDependencies = (
				AAE75D422E5F63C300AE5420 /* Auth */,
				AAE75D442E5F63C300AE5420 /* Functions */,
				AAE75D462E5F63C300AE5420 /* PostgREST */,
				AAE75D482E5F63C300AE5420 /* Realtime */,
				AAE75D4A2E5F63C300AE5420 /* Storage */,
				AAE75DBC2E5F653100AE5420 /* Supabase */,
				AAC375882E73DB9200B71495 /* GoogleSignIn */,
				AAC3758A2E73DB9200B71495 /* GoogleSignInSwift */,
			);
			productName = EVSync;
			productReference = AACD65EA2E5EF134000F751C /* Charge&Go.app */;
			productType = "com.apple.product-type.application";
		};
		AACD65F62E5EF136000F751C /* Charge&GoTests */ = {
			isa = PBXNativeTarget;
			buildConfigurationList = AACD660E2E5EF136000F751C /* Build configuration list for PBXNativeTarget "Charge&GoTests" */;
			buildPhases = (
				AACD65F32E5EF136000F751C /* Sources */,
				AACD65F42E5EF136000F751C /* Frameworks */,
				AACD65F52E5EF136000F751C /* Resources */,
			);
			buildRules = (
			);
			dependencies = (
				AACD65F92E5EF136000F751C /* PBXTargetDependency */,
			);
			fileSystemSynchronizedGroups = (
				AACD65FA2E5EF136000F751C /* EVSyncTests */,
			);
			name = "Charge&GoTests";
			packageProductDependencies = (
			);
			productName = EVSyncTests;
			productReference = AACD65F72E5EF136000F751C /* Charge&GoTests.xctest */;
			productType = "com.apple.product-type.bundle.unit-test";
		};
		AACD66002E5EF136000F751C /* Charge&GoUITests */ = {
			isa = PBXNativeTarget;
			buildConfigurationList = AACD66112E5EF136000F751C /* Build configuration list for PBXNativeTarget "Charge&GoUITests" */;
			buildPhases = (
				AACD65FD2E5EF136000F751C /* Sources */,
				AACD65FE2E5EF136000F751C /* Frameworks */,
				AACD65FF2E5EF136000F751C /* Resources */,
			);
			buildRules = (
			);
			dependencies = (
				AACD66032E5EF136000F751C /* PBXTargetDependency */,
			);
			fileSystemSynchronizedGroups = (
				AACD66042E5EF136000F751C /* EVSyncUITests */,
			);
			name = "Charge&GoUITests";
			packageProductDependencies = (
			);
			productName = EVSyncUITests;
			productReference = AACD66012E5EF136000F751C /* Charge&GoUITests.xctest */;
			productType = "com.apple.product-type.bundle.ui-testing";
		};
/* End PBXNativeTarget section */

/* Begin PBXProject section */
		AACD65E22E5EF133000F751C /* Project object */ = {
			isa = PBXProject;
			attributes = {
				BuildIndependentTargetsInParallel = 1;
				LastSwiftUpdateCheck = 1640;
				LastUpgradeCheck = 1640;
				TargetAttributes = {
					AACD65E92E5EF134000F751C = {
						CreatedOnToolsVersion = 16.4;
					};
					AACD65F62E5EF136000F751C = {
						CreatedOnToolsVersion = 16.4;
						TestTargetID = AACD65E92E5EF134000F751C;
					};
					AACD66002E5EF136000F751C = {
						CreatedOnToolsVersion = 16.4;
						TestTargetID = AACD65E92E5EF134000F751C;
					};
				};
			};
			buildConfigurationList = AACD65E52E5EF133000F751C /* Build configuration list for PBXProject "Charge&Go" */;
			developmentRegion = en;
			hasScannedForEncodings = 0;
			knownRegions = (
				en,
				Base,
				ru,
				kk,
			);
			mainGroup = AACD65E12E5EF133000F751C;
			minimizedProjectReferenceProxies = 1;
			packageReferences = (
				AAE75D412E5F63C300AE5420 /* XCRemoteSwiftPackageReference "supabase-swift" */,
				AAC375872E73DB9200B71495 /* XCRemoteSwiftPackageReference "GoogleSignIn-iOS" */,
			);
			preferredProjectObjectVersion = 77;
			productRefGroup = AACD65EB2E5EF134000F751C /* Products */;
			projectDirPath = "";
			projectRoot = "";
			targets = (
				AACD65E92E5EF134000F751C /* Charge&Go */,
				AACD65F62E5EF136000F751C /* Charge&GoTests */,
				AACD66002E5EF136000F751C /* Charge&GoUITests */,
			);
		};
/* End PBXProject section */

/* Begin PBXResourcesBuildPhase section */
		AACD65E82E5EF134000F751C /* Resources */ = {
			isa = PBXResourcesBuildPhase;
			buildActionMask = 2147483647;
			files = (
			);
			runOnlyForDeploymentPostprocessing = 0;
		};
		AACD65F52E5EF136000F751C /* Resources */ = {
			isa = PBXResourcesBuildPhase;
			buildActionMask = 2147483647;
			files = (
			);
			runOnlyForDeploymentPostprocessing = 0;
		};
		AACD65FF2E5EF136000F751C /* Resources */ = {
			isa = PBXResourcesBuildPhase;
			buildActionMask = 2147483647;
			files = (
			);
			runOnlyForDeploymentPostprocessing = 0;
		};
/* End PBXResourcesBuildPhase section */

/* Begin PBXSourcesBuildPhase section */
		AACD65E62E5EF134000F751C /* Sources */ = {
			isa = PBXSourcesBuildPhase;
			buildActionMask = 2147483647;
			files = (
			);
			runOnlyForDeploymentPostprocessing = 0;
		};
		AACD65F32E5EF136000F751C /* Sources */ = {
			isa = PBXSourcesBuildPhase;
			buildActionMask = 2147483647;
			files = (
			);
			runOnlyForDeploymentPostprocessing = 0;
		};
		AACD65FD2E5EF136000F751C /* Sources */ = {
			isa = PBXSourcesBuildPhase;
			buildActionMask = 2147483647;
			files = (
			);
			runOnlyForDeploymentPostprocessing = 0;
		};
/* End PBXSourcesBuildPhase section */

/* Begin PBXTargetDependency section */
		AACD65F92E5EF136000F751C /* PBXTargetDependency */ = {
			isa = PBXTargetDependency;
			target = AACD65E92E5EF134000F751C /* Charge&Go */;
			targetProxy = AACD65F82E5EF136000F751C /* PBXContainerItemProxy */;
		};
		AACD66032E5EF136000F751C /* PBXTargetDependency */ = {
			isa = PBXTargetDependency;
			target = AACD65E92E5EF134000F751C /* Charge&Go */;
			targetProxy = AACD66022E5EF136000F751C /* PBXContainerItemProxy */;
		};
/* End PBXTargetDependency section */

/* Begin XCBuildConfiguration section */
		AACD66092E5EF136000F751C /* Debug */ = {
			isa = XCBuildConfiguration;
			buildSettings = {
				ALWAYS_SEARCH_USER_PATHS = NO;
				ASSETCATALOG_COMPILER_GENERATE_SWIFT_ASSET_SYMBOL_EXTENSIONS = YES;
				CLANG_ANALYZER_NONNULL = YES;
				CLANG_ANALYZER_NUMBER_OBJECT_CONVERSION = YES_AGGRESSIVE;
				CLANG_CXX_LANGUAGE_STANDARD = "gnu++20";
				CLANG_ENABLE_MODULES = YES;
				CLANG_ENABLE_OBJC_ARC = YES;
				CLANG_ENABLE_OBJC_WEAK = YES;
				CLANG_WARN_BLOCK_CAPTURE_AUTORELEASING = YES;
				CLANG_WARN_BOOL_CONVERSION = YES;
				CLANG_WARN_COMMA = YES;
				CLANG_WARN_CONSTANT_CONVERSION = YES;
				CLANG_WARN_DEPRECATED_OBJC_IMPLEMENTATIONS = YES;
				CLANG_WARN_DIRECT_OBJC_ISA_USAGE = YES_ERROR;
				CLANG_WARN_DOCUMENTATION_COMMENTS = YES;
				CLANG_WARN_EMPTY_BODY = YES;
				CLANG_WARN_ENUM_CONVERSION = YES;
				CLANG_WARN_INFINITE_RECURSION = YES;
				CLANG_WARN_INT_CONVERSION = YES;
				CLANG_WARN_NON_LITERAL_NULL_CONVERSION = YES;
				CLANG_WARN_OBJC_IMPLICIT_RETAIN_SELF = YES;
				CLANG_WARN_OBJC_LITERAL_CONVERSION = YES;
				CLANG_WARN_OBJC_ROOT_CLASS = YES_ERROR;
				CLANG_WARN_QUOTED_INCLUDE_IN_FRAMEWORK_HEADER = YES;
				CLANG_WARN_RANGE_LOOP_ANALYSIS = YES;
				CLANG_WARN_STRICT_PROTOTYPES = YES;
				CLANG_WARN_SUSPICIOUS_MOVE = YES;
				CLANG_WARN_UNGUARDED_AVAILABILITY = YES_AGGRESSIVE;
				CLANG_WARN_UNREACHABLE_CODE = YES;
				CLANG_WARN__DUPLICATE_METHOD_MATCH = YES;
				COPY_PHASE_STRIP = NO;
				DEBUG_INFORMATION_FORMAT = dwarf;
				DEVELOPMENT_TEAM = 9A5KNKZDC8;
				ENABLE_STRICT_OBJC_MSGSEND = YES;
				ENABLE_TESTABILITY = YES;
				ENABLE_USER_SCRIPT_SANDBOXING = YES;
				GCC_C_LANGUAGE_STANDARD = gnu17;
				GCC_DYNAMIC_NO_PIC = NO;
				GCC_NO_COMMON_BLOCKS = YES;
				GCC_OPTIMIZATION_LEVEL = 0;
				GCC_PREPROCESSOR_DEFINITIONS = (
					"DEBUG=1",
					"$(inherited)",
				);
				GCC_WARN_64_TO_32_BIT_CONVERSION = YES;
				GCC_WARN_ABOUT_RETURN_TYPE = YES_ERROR;
				GCC_WARN_UNDECLARED_SELECTOR = YES;
				GCC_WARN_UNINITIALIZED_AUTOS = YES_AGGRESSIVE;
				GCC_WARN_UNUSED_FUNCTION = YES;
				GCC_WARN_UNUSED_VARIABLE = YES;
				IPHONEOS_DEPLOYMENT_TARGET = 18.5;
				LOCALIZATION_PREFERS_STRING_CATALOGS = YES;
				MTL_ENABLE_DEBUG_INFO = INCLUDE_SOURCE;
				MTL_FAST_MATH = YES;
				ONLY_ACTIVE_ARCH = YES;
				SDKROOT = iphoneos;
				SWIFT_ACTIVE_COMPILATION_CONDITIONS = "DEBUG $(inherited)";
				SWIFT_OPTIMIZATION_LEVEL = "-Onone";
			};
			name = Debug;
		};
		AACD660A2E5EF136000F751C /* Release */ = {
			isa = XCBuildConfiguration;
			buildSettings = {
				ALWAYS_SEARCH_USER_PATHS = NO;
				ASSETCATALOG_COMPILER_GENERATE_SWIFT_ASSET_SYMBOL_EXTENSIONS = YES;
				CLANG_ANALYZER_NONNULL = YES;
				CLANG_ANALYZER_NUMBER_OBJECT_CONVERSION = YES_AGGRESSIVE;
				CLANG_CXX_LANGUAGE_STANDARD = "gnu++20";
				CLANG_ENABLE_MODULES = YES;
				CLANG_ENABLE_OBJC_ARC = YES;
				CLANG_ENABLE_OBJC_WEAK = YES;
				CLANG_WARN_BLOCK_CAPTURE_AUTORELEASING = YES;
				CLANG_WARN_BOOL_CONVERSION = YES;
				CLANG_WARN_COMMA = YES;
				CLANG_WARN_CONSTANT_CONVERSION = YES;
				CLANG_WARN_DEPRECATED_OBJC_IMPLEMENTATIONS = YES;
				CLANG_WARN_DIRECT_OBJC_ISA_USAGE = YES_ERROR;
				CLANG_WARN_DOCUMENTATION_COMMENTS = YES;
				CLANG_WARN_EMPTY_BODY = YES;
				CLANG_WARN_ENUM_CONVERSION = YES;
				CLANG_WARN_INFINITE_RECURSION = YES;
				CLANG_WARN_INT_CONVERSION = YES;
				CLANG_WARN_NON_LITERAL_NULL_CONVERSION = YES;
				CLANG_WARN_OBJC_IMPLICIT_RETAIN_SELF = YES;
				CLANG_WARN_OBJC_LITERAL_CONVERSION = YES;
				CLANG_WARN_OBJC_ROOT_CLASS = YES_ERROR;
				CLANG_WARN_QUOTED_INCLUDE_IN_FRAMEWORK_HEADER = YES;
				CLANG_WARN_RANGE_LOOP_ANALYSIS = YES;
				CLANG_WARN_STRICT_PROTOTYPES = YES;
				CLANG_WARN_SUSPICIOUS_MOVE = YES;
				CLANG_WARN_UNGUARDED_AVAILABILITY = YES_AGGRESSIVE;
				CLANG_WARN_UNREACHABLE_CODE = YES;
				CLANG_WARN__DUPLICATE_METHOD_MATCH = YES;
				COPY_PHASE_STRIP = NO;
				DEBUG_INFORMATION_FORMAT = "dwarf-with-dsym";
				DEVELOPMENT_TEAM = 9A5KNKZDC8;
				ENABLE_NS_ASSERTIONS = NO;
				ENABLE_STRICT_OBJC_MSGSEND = YES;
				ENABLE_USER_SCRIPT_SANDBOXING = YES;
				GCC_C_LANGUAGE_STANDARD = gnu17;
				GCC_NO_COMMON_BLOCKS = YES;
				GCC_WARN_64_TO_32_BIT_CONVERSION = YES;
				GCC_WARN_ABOUT_RETURN_TYPE = YES_ERROR;
				GCC_WARN_UNDECLARED_SELECTOR = YES;
				GCC_WARN_UNINITIALIZED_AUTOS = YES_AGGRESSIVE;
				GCC_WARN_UNUSED_FUNCTION = YES;
				GCC_WARN_UNUSED_VARIABLE = YES;
				IPHONEOS_DEPLOYMENT_TARGET = 18.5;
				LOCALIZATION_PREFERS_STRING_CATALOGS = YES;
				MTL_ENABLE_DEBUG_INFO = NO;
				MTL_FAST_MATH = YES;
				SDKROOT = iphoneos;
				SWIFT_COMPILATION_MODE = wholemodule;
				VALIDATE_PRODUCT = YES;
			};
			name = Release;
		};
		AACD660C2E5EF136000F751C /* Debug */ = {
			isa = XCBuildConfiguration;
			buildSettings = {
				ASSETCATALOG_COMPILER_APPICON_NAME = AppIcon;
				ASSETCATALOG_COMPILER_GLOBAL_ACCENT_COLOR_NAME = AccentColor;
				CODE_SIGN_ENTITLEMENTS = "Charge&GoDebug.entitlements";
				CODE_SIGN_STYLE = Automatic;
				CURRENT_PROJECT_VERSION = 1;
				DEVELOPMENT_TEAM = 9A5KNKZDC8;
				ENABLE_PREVIEWS = YES;
				GENERATE_INFOPLIST_FILE = YES;
				INFOPLIST_FILE = EVSync/Info.plist;
				INFOPLIST_KEY_CFBundleDisplayName = "Charge&Go";
				INFOPLIST_KEY_LSApplicationCategoryType = "public.app-category.travel";
				INFOPLIST_KEY_NSLocationWhenInUseUsageDescription = "Приложению нужен доступ к геолокации для показа вашего местоположения на карте и поиска ближайших зарядных станций.";
				INFOPLIST_KEY_UIApplicationSceneManifest_Generation = YES;
				INFOPLIST_KEY_UIApplicationSupportsIndirectInputEvents = YES;
				INFOPLIST_KEY_UILaunchScreen_Generation = YES;
				INFOPLIST_KEY_UISupportedInterfaceOrientations = UIInterfaceOrientationPortrait;
				INFOPLIST_KEY_UISupportedInterfaceOrientations_iPad = "UIInterfaceOrientationLandscapeLeft UIInterfaceOrientationLandscapeRight UIInterfaceOrientationPortrait UIInterfaceOrientationPortraitUpsideDown";
				LD_RUNPATH_SEARCH_PATHS = (
					"$(inherited)",
					"@executable_path/Frameworks",
				);
				MARKETING_VERSION = 1.0;
				PRODUCT_BUNDLE_IDENTIFIER = Daulet.ChargeandGo;
				PRODUCT_NAME = "$(TARGET_NAME)";
				SUPPORTED_PLATFORMS = "iphoneos iphonesimulator";
				SUPPORTS_MACCATALYST = NO;
				SUPPORTS_MAC_DESIGNED_FOR_IPHONE_IPAD = NO;
				SUPPORTS_XR_DESIGNED_FOR_IPHONE_IPAD = NO;
				SWIFT_EMIT_LOC_STRINGS = YES;
				SWIFT_VERSION = 5.0;
				TARGETED_DEVICE_FAMILY = 1;
			};
			name = Debug;
		};
		AACD660D2E5EF136000F751C /* Release */ = {
			isa = XCBuildConfiguration;
			buildSettings = {
				ASSETCATALOG_COMPILER_APPICON_NAME = AppIcon;
				ASSETCATALOG_COMPILER_GLOBAL_ACCENT_COLOR_NAME = AccentColor;
				CODE_SIGN_STYLE = Automatic;
				CURRENT_PROJECT_VERSION = 1;
				DEVELOPMENT_TEAM = 9A5KNKZDC8;
				ENABLE_PREVIEWS = YES;
				GENERATE_INFOPLIST_FILE = YES;
				INFOPLIST_FILE = EVSync/Info.plist;
				INFOPLIST_KEY_CFBundleDisplayName = "Charge&Go";
				INFOPLIST_KEY_LSApplicationCategoryType = "public.app-category.travel";
				INFOPLIST_KEY_NSLocationWhenInUseUsageDescription = "Приложению нужен доступ к геолокации для показа вашего местоположения на карте и поиска ближайших зарядных станций.";
				INFOPLIST_KEY_UIApplicationSceneManifest_Generation = YES;
				INFOPLIST_KEY_UIApplicationSupportsIndirectInputEvents = YES;
				INFOPLIST_KEY_UILaunchScreen_Generation = YES;
				INFOPLIST_KEY_UISupportedInterfaceOrientations = UIInterfaceOrientationPortrait;
				INFOPLIST_KEY_UISupportedInterfaceOrientations_iPad = "UIInterfaceOrientationLandscapeLeft UIInterfaceOrientationLandscapeRight UIInterfaceOrientationPortrait UIInterfaceOrientationPortraitUpsideDown";
				LD_RUNPATH_SEARCH_PATHS = (
					"$(inherited)",
					"@executable_path/Frameworks",
				);
				MARKETING_VERSION = 1.0;
				PRODUCT_BUNDLE_IDENTIFIER = Daulet.ChargeandGo;
				PRODUCT_NAME = "$(TARGET_NAME)";
				SUPPORTED_PLATFORMS = "iphoneos iphonesimulator";
				SUPPORTS_MACCATALYST = NO;
				SUPPORTS_MAC_DESIGNED_FOR_IPHONE_IPAD = NO;
				SUPPORTS_XR_DESIGNED_FOR_IPHONE_IPAD = NO;
				SWIFT_EMIT_LOC_STRINGS = YES;
				SWIFT_VERSION = 5.0;
				TARGETED_DEVICE_FAMILY = 1;
			};
			name = Release;
		};
		AACD660F2E5EF136000F751C /* Debug */ = {
			isa = XCBuildConfiguration;
			buildSettings = {
				BUNDLE_LOADER = "$(TEST_HOST)";
				CODE_SIGN_STYLE = Automatic;
				CURRENT_PROJECT_VERSION = 1;
				DEVELOPMENT_TEAM = 9A5KNKZDC8;
				GENERATE_INFOPLIST_FILE = YES;
				IPHONEOS_DEPLOYMENT_TARGET = 18.5;
				MARKETING_VERSION = 1.0;
				PRODUCT_BUNDLE_IDENTIFIER = Daulet.EVSyncTests;
				PRODUCT_NAME = "$(TARGET_NAME)";
				SWIFT_EMIT_LOC_STRINGS = NO;
				SWIFT_VERSION = 5.0;
				TARGETED_DEVICE_FAMILY = "1,2";
				TEST_HOST = "$(BUILT_PRODUCTS_DIR)/Charge&Go.app/$(BUNDLE_EXECUTABLE_FOLDER_PATH)/Charge&Go";
			};
			name = Debug;
		};
		AACD66102E5EF136000F751C /* Release */ = {
			isa = XCBuildConfiguration;
			buildSettings = {
				BUNDLE_LOADER = "$(TEST_HOST)";
				CODE_SIGN_STYLE = Automatic;
				CURRENT_PROJECT_VERSION = 1;
				DEVELOPMENT_TEAM = 9A5KNKZDC8;
				GENERATE_INFOPLIST_FILE = YES;
				IPHONEOS_DEPLOYMENT_TARGET = 18.5;
				MARKETING_VERSION = 1.0;
				PRODUCT_BUNDLE_IDENTIFIER = Daulet.EVSyncTests;
				PRODUCT_NAME = "$(TARGET_NAME)";
				SWIFT_EMIT_LOC_STRINGS = NO;
				SWIFT_VERSION = 5.0;
				TARGETED_DEVICE_FAMILY = "1,2";
				TEST_HOST = "$(BUILT_PRODUCTS_DIR)/Charge&Go.app/$(BUNDLE_EXECUTABLE_FOLDER_PATH)/Charge&Go";
			};
			name = Release;
		};
		AACD66122E5EF136000F751C /* Debug */ = {
			isa = XCBuildConfiguration;
			buildSettings = {
				CODE_SIGN_STYLE = Automatic;
				CURRENT_PROJECT_VERSION = 1;
				DEVELOPMENT_TEAM = 9A5KNKZDC8;
				GENERATE_INFOPLIST_FILE = YES;
				MARKETING_VERSION = 1.0;
				PRODUCT_BUNDLE_IDENTIFIER = Daulet.EVSyncUITests;
				PRODUCT_NAME = "$(TARGET_NAME)";
				SWIFT_EMIT_LOC_STRINGS = NO;
				SWIFT_VERSION = 5.0;
				TARGETED_DEVICE_FAMILY = "1,2";
				TEST_TARGET_NAME = EVSync;
			};
			name = Debug;
		};
		AACD66132E5EF136000F751C /* Release */ = {
			isa = XCBuildConfiguration;
			buildSettings = {
				CODE_SIGN_STYLE = Automatic;
				CURRENT_PROJECT_VERSION = 1;
				DEVELOPMENT_TEAM = 9A5KNKZDC8;
				GENERATE_INFOPLIST_FILE = YES;
				MARKETING_VERSION = 1.0;
				PRODUCT_BUNDLE_IDENTIFIER = Daulet.EVSyncUITests;
				PRODUCT_NAME = "$(TARGET_NAME)";
				SWIFT_EMIT_LOC_STRINGS = NO;
				SWIFT_VERSION = 5.0;
				TARGETED_DEVICE_FAMILY = "1,2";
				TEST_TARGET_NAME = EVSync;
			};
			name = Release;
		};
/* End XCBuildConfiguration section */

/* Begin XCConfigurationList section */
		AACD65E52E5EF133000F751C /* Build configuration list for PBXProject "Charge&Go" */ = {
			isa = XCConfigurationList;
			buildConfigurations = (
				AACD66092E5EF136000F751C /* Debug */,
				AACD660A2E5EF136000F751C /* Release */,
			);
			defaultConfigurationIsVisible = 0;
			defaultConfigurationName = Release;
		};
		AACD660B2E5EF136000F751C /* Build configuration list for PBXNativeTarget "Charge&Go" */ = {
			isa = XCConfigurationList;
			buildConfigurations = (
				AACD660C2E5EF136000F751C /* Debug */,
				AACD660D2E5EF136000F751C /* Release */,
			);
			defaultConfigurationIsVisible = 0;
			defaultConfigurationName = Release;
		};
		AACD660E2E5EF136000F751C /* Build configuration list for PBXNativeTarget "Charge&GoTests" */ = {
			isa = XCConfigurationList;
			buildConfigurations = (
				AACD660F2E5EF136000F751C /* Debug */,
				AACD66102E5EF136000F751C /* Release */,
			);
			defaultConfigurationIsVisible = 0;
			defaultConfigurationName = Release;
		};
		AACD66112E5EF136000F751C /* Build configuration list for PBXNativeTarget "Charge&GoUITests" */ = {
			isa = XCConfigurationList;
			buildConfigurations = (
				AACD66122E5EF136000F751C /* Debug */,
				AACD66132E5EF136000F751C /* Release */,
			);
			defaultConfigurationIsVisible = 0;
			defaultConfigurationName = Release;
		};
/* End XCConfigurationList section */

/* Begin XCRemoteSwiftPackageReference section */
		AAC375872E73DB9200B71495 /* XCRemoteSwiftPackageReference "GoogleSignIn-iOS" */ = {
			isa = XCRemoteSwiftPackageReference;
			repositoryURL = "https://github.com/google/GoogleSignIn-iOS";
			requirement = {
				kind = upToNextMajorVersion;
				minimumVersion = 9.0.0;
			};
		};
		AAE75D412E5F63C300AE5420 /* XCRemoteSwiftPackageReference "supabase-swift" */ = {
			isa = XCRemoteSwiftPackageReference;
			repositoryURL = "https://github.com/supabase/supabase-swift.git";
			requirement = {
				kind = upToNextMajorVersion;
				minimumVersion = 2.5.1;
			};
		};
/* End XCRemoteSwiftPackageReference section */

/* Begin XCSwiftPackageProductDependency section */
		AAC375882E73DB9200B71495 /* GoogleSignIn */ = {
			isa = XCSwiftPackageProductDependency;
			package = AAC375872E73DB9200B71495 /* XCRemoteSwiftPackageReference "GoogleSignIn-iOS" */;
			productName = GoogleSignIn;
		};
		AAC3758A2E73DB9200B71495 /* GoogleSignInSwift */ = {
			isa = XCSwiftPackageProductDependency;
			package = AAC375872E73DB9200B71495 /* XCRemoteSwiftPackageReference "GoogleSignIn-iOS" */;
			productName = GoogleSignInSwift;
		};
		AAE75D422E5F63C300AE5420 /* Auth */ = {
			isa = XCSwiftPackageProductDependency;
			package = AAE75D412E5F63C300AE5420 /* XCRemoteSwiftPackageReference "supabase-swift" */;
			productName = Auth;
		};
		AAE75D442E5F63C300AE5420 /* Functions */ = {
			isa = XCSwiftPackageProductDependency;
			package = AAE75D412E5F63C300AE5420 /* XCRemoteSwiftPackageReference "supabase-swift" */;
			productName = Functions;
		};
		AAE75D462E5F63C300AE5420 /* PostgREST */ = {
			isa = XCSwiftPackageProductDependency;
			package = AAE75D412E5F63C300AE5420 /* XCRemoteSwiftPackageReference "supabase-swift" */;
			productName = PostgREST;
		};
		AAE75D482E5F63C300AE5420 /* Realtime */ = {
			isa = XCSwiftPackageProductDependency;
			package = AAE75D412E5F63C300AE5420 /* XCRemoteSwiftPackageReference "supabase-swift" */;
			productName = Realtime;
		};
		AAE75D4A2E5F63C300AE5420 /* Storage */ = {
			isa = XCSwiftPackageProductDependency;
			package = AAE75D412E5F63C300AE5420 /* XCRemoteSwiftPackageReference "supabase-swift" */;
			productName = Storage;
		};
		AAE75DBC2E5F653100AE5420 /* Supabase */ = {
			isa = XCSwiftPackageProductDependency;
			package = AAE75D412E5F63C300AE5420 /* XCRemoteSwiftPackageReference "supabase-swift" */;
			productName = Supabase;
		};
/* End XCSwiftPackageProductDependency section */
	};
	rootObject = AACD65E22E5EF133000F751C /* Project object */;
}
